
Microsoft Visual Studio Solution File, Format Version 11.00
# Visual Studio 2010
Project("{FAE04EC0-301F-11D3-BF4B-00C04F79EFBC}") = "Assembly-CSharp", "Assembly-CSharp.csproj", "{41c82436-440f-f593-f632-b75998da0f02}"
EndProject
Project("{FAE04EC0-301F-11D3-BF4B-00C04F79EFBC}") = "Assembly-CSharp-firstpass", "Assembly-CSharp-firstpass.csproj", "{6fffda4f-eb86-27e8-b6aa-7fdeca46a672}"
EndProject
Project("{FAE04EC0-301F-11D3-BF4B-00C04F79EFBC}") = "Assembly-CSharp-Editor-firstpass", "Assembly-CSharp-Editor-firstpass.csproj", "{a10ededa-9bd1-a390-a636-7eff2ad4ecdf}"
EndProject
Project("{FAE04EC0-301F-11D3-BF4B-00C04F79EFBC}") = "Assembly-CSharp-Editor", "Assembly-CSharp-Editor.csproj", "{38aaff35-2beb-02e6-ba5f-87dc46f3b29c}"
EndProject
Global
	GlobalSection(SolutionConfigurationPlatforms) = preSolution
		Debug|Any CPU = Debug|Any CPU
		Release|Any CPU = Release|Any CPU
	EndGlobalSection
	GlobalSection(ProjectConfigurationPlatforms) = postSolution
		{41c82436-440f-f593-f632-b75998da0f02}.Debug|Any CPU.ActiveCfg = Debug|Any CPU
		{41c82436-440f-f593-f632-b75998da0f02}.Debug|Any CPU.Build.0 = Debug|Any CPU
		{41c82436-440f-f593-f632-b75998da0f02}.Release|Any CPU.ActiveCfg = Release|Any CPU
		{41c82436-440f-f593-f632-b75998da0f02}.Release|Any CPU.Build.0 = Release|Any CPU
		{6fffda4f-eb86-27e8-b6aa-7fdeca46a672}.Debug|Any CPU.ActiveCfg = Debug|Any CPU
		{6fffda4f-eb86-27e8-b6aa-7fdeca46a672}.Debug|Any CPU.Build.0 = Debug|Any CPU
		{6fffda4f-eb86-27e8-b6aa-7fdeca46a672}.Release|Any CPU.ActiveCfg = Release|Any CPU
		{6fffda4f-eb86-27e8-b6aa-7fdeca46a672}.Release|Any CPU.Build.0 = Release|Any CPU
		{a10ededa-9bd1-a390-a636-7eff2ad4ecdf}.Debug|Any CPU.ActiveCfg = Debug|Any CPU
		{a10ededa-9bd1-a390-a636-7eff2ad4ecdf}.Debug|Any CPU.Build.0 = Debug|Any CPU
		{a10ededa-9bd1-a390-a636-7eff2ad4ecdf}.Release|Any CPU.ActiveCfg = Release|Any CPU
		{a10ededa-9bd1-a390-a636-7eff2ad4ecdf}.Release|Any CPU.Build.0 = Release|Any CPU
		{38aaff35-2beb-02e6-ba5f-87dc46f3b29c}.Debug|Any CPU.ActiveCfg = Debug|Any CPU
		{38aaff35-2beb-02e6-ba5f-87dc46f3b29c}.Debug|Any CPU.Build.0 = Debug|Any CPU
		{38aaff35-2beb-02e6-ba5f-87dc46f3b29c}.Release|Any CPU.ActiveCfg = Release|Any CPU
		{38aaff35-2beb-02e6-ba5f-87dc46f3b29c}.Release|Any CPU.Build.0 = Release|Any CPU
	EndGlobalSection
	GlobalSection(SolutionProperties) = preSolution
		HideSolutionNode = FALSE
	EndGlobalSection
EndGlobal
