
Microsoft Visual Studio Solution File, Format Version 11.00
# Visual Studio 2010
Project("{FAE04EC0-301F-11D3-BF4B-00C04F79EFBC}") = "Assembly-CSharp", "Assembly-CSharp.csproj", "{3624C841-0F44-93F5-F632-B75998DA0F02}"
EndProject
Project("{FAE04EC0-301F-11D3-BF4B-00C04F79EFBC}") = "Assembly-CSharp-firstpass", "Assembly-CSharp-firstpass.csproj", "{4FDAFF6F-86EB-E827-B6AA-7FDECA46A672}"
EndProject
Project("{FAE04EC0-301F-11D3-BF4B-00C04F79EFBC}") = "Assembly-CSharp-Editor-firstpass", "Assembly-CSharp-Editor-firstpass.csproj", "{DADE0EA1-D19B-90A3-A636-7EFF2AD4ECDF}"
EndProject
Global
	GlobalSection(SolutionConfigurationPlatforms) = preSolution
		Debug|Any CPU = Debug|Any CPU
		Release|Any CPU = Release|Any CPU
	EndGlobalSection
	GlobalSection(ProjectConfigurationPlatforms) = postSolution
		{3624C841-0F44-93F5-F632-B75998DA0F02}.Debug|Any CPU.ActiveCfg = Debug|Any CPU
		{3624C841-0F44-93F5-F632-B75998DA0F02}.Debug|Any CPU.Build.0 = Debug|Any CPU
		{3624C841-0F44-93F5-F632-B75998DA0F02}.Release|Any CPU.ActiveCfg = Release|Any CPU
		{3624C841-0F44-93F5-F632-B75998DA0F02}.Release|Any CPU.Build.0 = Release|Any CPU
		{4FDAFF6F-86EB-E827-B6AA-7FDECA46A672}.Debug|Any CPU.ActiveCfg = Debug|Any CPU
		{4FDAFF6F-86EB-E827-B6AA-7FDECA46A672}.Debug|Any CPU.Build.0 = Debug|Any CPU
		{4FDAFF6F-86EB-E827-B6AA-7FDECA46A672}.Release|Any CPU.ActiveCfg = Release|Any CPU
		{4FDAFF6F-86EB-E827-B6AA-7FDECA46A672}.Release|Any CPU.Build.0 = Release|Any CPU
		{DADE0EA1-D19B-90A3-A636-7EFF2AD4ECDF}.Debug|Any CPU.ActiveCfg = Debug|Any CPU
		{DADE0EA1-D19B-90A3-A636-7EFF2AD4ECDF}.Debug|Any CPU.Build.0 = Debug|Any CPU
		{DADE0EA1-D19B-90A3-A636-7EFF2AD4ECDF}.Release|Any CPU.ActiveCfg = Release|Any CPU
		{DADE0EA1-D19B-90A3-A636-7EFF2AD4ECDF}.Release|Any CPU.Build.0 = Release|Any CPU
	EndGlobalSection
	GlobalSection(SolutionProperties) = preSolution
		HideSolutionNode = FALSE
	EndGlobalSection
EndGlobal
